
Microsoft Visual Studio Solution File, Format Version 12.00
# Visual Studio Version 16
VisualStudioVersion = 16.0.31702.278
MinimumVisualStudioVersion = 10.0.40219.1
Project("{FAE04EC0-301F-11D3-BF4B-00C04F79EFBC}") = "login", "login\login.csproj", "{8641DBA7-83DD-483B-BA35-4F7B603749F2}"
EndProject
Global
	GlobalSection(SolutionConfigurationPlatforms) = preSolution
		Debug|Any CPU = Debug|Any CPU
		Release|Any CPU = Release|Any CPU
	EndGlobalSection
	GlobalSection(ProjectConfigurationPlatforms) = postSolution
		{8641DBA7-83DD-483B-BA35-4F7B603749F2}.Debug|Any CPU.ActiveCfg = Debug|Any CPU
		{8641DBA7-83DD-483B-BA35-4F7B603749F2}.Debug|Any CPU.Build.0 = Debug|Any CPU
		{8641DBA7-83DD-483B-BA35-4F7B603749F2}.Release|Any CPU.ActiveCfg = Release|Any CPU
		{8641DBA7-83DD-483B-BA35-4F7B603749F2}.Release|Any CPU.Build.0 = Release|Any CPU
	EndGlobalSection
	GlobalSection(SolutionProperties) = preSolution
		HideSolutionNode = FALSE
	EndGlobalSection
	GlobalSection(ExtensibilityGlobals) = postSolution
		SolutionGuid = {90F75CA9-3749-41AB-9446-B067A90241F9}
	EndGlobalSection
EndGlobal
